// !$*UTF8*$!
{
	archiveVersion = 1;
	classes = {
	};
	objectVersion = 46;
	objects = {

/* Begin PBXBuildFile section */
		27841CC01DD36600004844C8 /* main.m in Sources */ = {isa = PBXBuildFile; fileRef = 27841CBF1DD36600004844C8 /* main.m */; };
		27841CC31DD36600004844C8 /* AppDelegate.m in Sources */ = {isa = PBXBuildFile; fileRef = 27841CC21DD36600004844C8 /* AppDelegate.m */; };
		27841CC61DD36600004844C8 /* ViewController.m in Sources */ = {isa = PBXBuildFile; fileRef = 27841CC51DD36600004844C8 /* ViewController.m */; };
		27841CC91DD36600004844C8 /* Main.storyboard in Resources */ = {isa = PBXBuildFile; fileRef = 27841CC71DD36600004844C8 /* Main.storyboard */; };
		27841CCB1DD36600004844C8 /* Assets.xcassets in Resources */ = {isa = PBXBuildFile; fileRef = 27841CCA1DD36600004844C8 /* Assets.xcassets */; };
		27841CCE1DD36600004844C8 /* LaunchScreen.storyboard in Resources */ = {isa = PBXBuildFile; fileRef = 27841CCC1DD36600004844C8 /* LaunchScreen.storyboard */; };
		27841CD91DD36600004844C8 /* scanLiftTests.m in Sources */ = {isa = PBXBuildFile; fileRef = 27841CD81DD36600004844C8 /* scanLiftTests.m */; };
		27841CE41DD36600004844C8 /* scanLiftUITests.m in Sources */ = {isa = PBXBuildFile; fileRef = 27841CE31DD36600004844C8 /* scanLiftUITests.m */; };
/* End PBXBuildFile section */

/* Begin PBXContainerItemProxy section */
		27841CD51DD36600004844C8 /* PBXContainerItemProxy */ = {
			isa = PBXContainerItemProxy;
			containerPortal = 27841CB31DD36600004844C8 /* Project object */;
			proxyType = 1;
			remoteGlobalIDString = 27841CBA1DD36600004844C8;
			remoteInfo = scanLift;
		};
		27841CE01DD36600004844C8 /* PBXContainerItemProxy */ = {
			isa = PBXContainerItemProxy;
			containerPortal = 27841CB31DD36600004844C8 /* Project object */;
			proxyType = 1;
			remoteGlobalIDString = 27841CBA1DD36600004844C8;
			remoteInfo = scanLift;
		};
/* End PBXContainerItemProxy section */

/* Begin PBXFileReference section */
		27841CBB1DD36600004844C8 /* scanLift.app */ = {isa = PBXFileReference; explicitFileType = wrapper.application; includeInIndex = 0; path = scanLift.app; sourceTree = BUILT_PRODUCTS_DIR; };
		27841CBF1DD36600004844C8 /* main.m */ = {isa = PBXFileReference; lastKnownFileType = sourcecode.c.objc; path = main.m; sourceTree = "<group>"; };
		27841CC11DD36600004844C8 /* AppDelegate.h */ = {isa = PBXFileReference; lastKnownFileType = sourcecode.c.h; path = AppDelegate.h; sourceTree = "<group>"; };
		27841CC21DD36600004844C8 /* AppDelegate.m */ = {isa = PBXFileReference; lastKnownFileType = sourcecode.c.objc; path = AppDelegate.m; sourceTree = "<group>"; };
		27841CC41DD36600004844C8 /* ViewController.h */ = {isa = PBXFileReference; lastKnownFileType = sourcecode.c.h; path = ViewController.h; sourceTree = "<group>"; };
		27841CC51DD36600004844C8 /* ViewController.m */ = {isa = PBXFileReference; lastKnownFileType = sourcecode.c.objc; path = ViewController.m; sourceTree = "<group>"; };
		27841CC81DD36600004844C8 /* Base */ = {isa = PBXFileReference; lastKnownFileType = file.storyboard; name = Base; path = Base.lproj/Main.storyboard; sourceTree = "<group>"; };
		27841CCA1DD36600004844C8 /* Assets.xcassets */ = {isa = PBXFileReference; lastKnownFileType = folder.assetcatalog; path = Assets.xcassets; sourceTree = "<group>"; };
		27841CCD1DD36600004844C8 /* Base */ = {isa = PBXFileReference; lastKnownFileType = file.storyboard; name = Base; path = Base.lproj/LaunchScreen.storyboard; sourceTree = "<group>"; };
		27841CCF1DD36600004844C8 /* Info.plist */ = {isa = PBXFileReference; lastKnownFileType = text.plist.xml; path = Info.plist; sourceTree = "<group>"; };
		27841CD41DD36600004844C8 /* scanLiftTests.xctest */ = {isa = PBXFileReference; explicitFileType = wrapper.cfbundle; includeInIndex = 0; path = scanLiftTests.xctest; sourceTree = BUILT_PRODUCTS_DIR; };
		27841CD81DD36600004844C8 /* scanLiftTests.m */ = {isa = PBXFileReference; lastKnownFileType = sourcecode.c.objc; path = scanLiftTests.m; sourceTree = "<group>"; };
		27841CDA1DD36600004844C8 /* Info.plist */ = {isa = PBXFileReference; lastKnownFileType = text.plist.xml; path = Info.plist; sourceTree = "<group>"; };
		27841CDF1DD36600004844C8 /* scanLiftUITests.xctest */ = {isa = PBXFileReference; explicitFileType = wrapper.cfbundle; includeInIndex = 0; path = scanLiftUITests.xctest; sourceTree = BUILT_PRODUCTS_DIR; };
		27841CE31DD36600004844C8 /* scanLiftUITests.m */ = {isa = PBXFileReference; lastKnownFileType = sourcecode.c.objc; path = scanLiftUITests.m; sourceTree = "<group>"; };
		27841CE51DD36600004844C8 /* Info.plist */ = {isa = PBXFileReference; lastKnownFileType = text.plist.xml; path = Info.plist; sourceTree = "<group>"; };
/* End PBXFileReference section */

/* Begin PBXFrameworksBuildPhase section */
		27841CB81DD36600004844C8 /* Frameworks */ = {
			isa = PBXFrameworksBuildPhase;
			buildActionMask = 2147483647;
			files = (
			);
			runOnlyForDeploymentPostprocessing = 0;
		};
		27841CD11DD36600004844C8 /* Frameworks */ = {
			isa = PBXFrameworksBuildPhase;
			buildActionMask = 2147483647;
			files = (
			);
			runOnlyForDeploymentPostprocessing = 0;
		};
		27841CDC1DD36600004844C8 /* Frameworks */ = {
			isa = PBXFrameworksBuildPhase;
			buildActionMask = 2147483647;
			files = (
			);
			runOnlyForDeploymentPostprocessing = 0;
		};
/* End PBXFrameworksBuildPhase section */

/* Begin PBXGroup section */
		27841CB21DD36600004844C8 = {
			isa = PBXGroup;
			children = (
				27841CBD1DD36600004844C8 /* scanLift */,
				27841CD71DD36600004844C8 /* scanLiftTests */,
				27841CE21DD36600004844C8 /* scanLiftUITests */,
				27841CBC1DD36600004844C8 /* Products */,
			);
			sourceTree = "<group>";
		};
		27841CBC1DD36600004844C8 /* Products */ = {
			isa = PBXGroup;
			children = (
				27841CBB1DD36600004844C8 /* scanLift.app */,
				27841CD41DD36600004844C8 /* scanLiftTests.xctest */,
				27841CDF1DD36600004844C8 /* scanLiftUITests.xctest */,
			);
			name = Products;
			sourceTree = "<group>";
		};
		27841CBD1DD36600004844C8 /* scanLift */ = {
			isa = PBXGroup;
			children = (
				27841CC11DD36600004844C8 /* AppDelegate.h */,
				27841CC21DD36600004844C8 /* AppDelegate.m */,
				27841CC41DD36600004844C8 /* ViewController.h */,
				27841CC51DD36600004844C8 /* ViewController.m */,
				27841CC71DD36600004844C8 /* Main.storyboard */,
				27841CCA1DD36600004844C8 /* Assets.xcassets */,
				27841CCC1DD36600004844C8 /* LaunchScreen.storyboard */,
				27841CCF1DD36600004844C8 /* Info.plist */,
				27841CBE1DD36600004844C8 /* Supporting Files */,
			);
			path = scanLift;
			sourceTree = "<group>";
		};
		27841CBE1DD36600004844C8 /* Supporting Files */ = {
			isa = PBXGroup;
			children = (
				27841CBF1DD36600004844C8 /* main.m */,
			);
			name = "Supporting Files";
			sourceTree = "<group>";
		};
		27841CD71DD36600004844C8 /* scanLiftTests */ = {
			isa = PBXGroup;
			children = (
				27841CD81DD36600004844C8 /* scanLiftTests.m */,
				27841CDA1DD36600004844C8 /* Info.plist */,
			);
			path = scanLiftTests;
			sourceTree = "<group>";
		};
		27841CE21DD36600004844C8 /* scanLiftUITests */ = {
			isa = PBXGroup;
			children = (
				27841CE31DD36600004844C8 /* scanLiftUITests.m */,
				27841CE51DD36600004844C8 /* Info.plist */,
			);
			path = scanLiftUITests;
			sourceTree = "<group>";
		};
/* End PBXGroup section */

/* Begin PBXNativeTarget section */
		27841CBA1DD36600004844C8 /* scanLift */ = {
			isa = PBXNativeTarget;
			buildConfigurationList = 27841CE81DD36600004844C8 /* Build configuration list for PBXNativeTarget "scanLift" */;
			buildPhases = (
				27841CB71DD36600004844C8 /* Sources */,
				27841CB81DD36600004844C8 /* Frameworks */,
				27841CB91DD36600004844C8 /* Resources */,
			);
			buildRules = (
			);
			dependencies = (
			);
			name = scanLift;
			productName = scanLift;
			productReference = 27841CBB1DD36600004844C8 /* scanLift.app */;
			productType = "com.apple.product-type.application";
		};
		27841CD31DD36600004844C8 /* scanLiftTests */ = {
			isa = PBXNativeTarget;
			buildConfigurationList = 27841CEB1DD36600004844C8 /* Build configuration list for PBXNativeTarget "scanLiftTests" */;
			buildPhases = (
				27841CD01DD36600004844C8 /* Sources */,
				27841CD11DD36600004844C8 /* Frameworks */,
				27841CD21DD36600004844C8 /* Resources */,
			);
			buildRules = (
			);
			dependencies = (
				27841CD61DD36600004844C8 /* PBXTargetDependency */,
			);
			name = scanLiftTests;
			productName = scanLiftTests;
			productReference = 27841CD41DD36600004844C8 /* scanLiftTests.xctest */;
			productType = "com.apple.product-type.bundle.unit-test";
		};
		27841CDE1DD36600004844C8 /* scanLiftUITests */ = {
			isa = PBXNativeTarget;
			buildConfigurationList = 27841CEE1DD36600004844C8 /* Build configuration list for PBXNativeTarget "scanLiftUITests" */;
			buildPhases = (
				27841CDB1DD36600004844C8 /* Sources */,
				27841CDC1DD36600004844C8 /* Frameworks */,
				27841CDD1DD36600004844C8 /* Resources */,
			);
			buildRules = (
			);
			dependencies = (
				27841CE11DD36600004844C8 /* PBXTargetDependency */,
			);
			name = scanLiftUITests;
			productName = scanLiftUITests;
			productReference = 27841CDF1DD36600004844C8 /* scanLiftUITests.xctest */;
			productType = "com.apple.product-type.bundle.ui-testing";
		};
/* End PBXNativeTarget section */

/* Begin PBXProject section */
		27841CB31DD36600004844C8 /* Project object */ = {
			isa = PBXProject;
			attributes = {
				LastUpgradeCheck = 0810;
				ORGANIZATIONNAME = anan;
				TargetAttributes = {
					27841CBA1DD36600004844C8 = {
						CreatedOnToolsVersion = 8.1;
						ProvisioningStyle = Automatic;
					};
					27841CD31DD36600004844C8 = {
						CreatedOnToolsVersion = 8.1;
						ProvisioningStyle = Automatic;
						TestTargetID = 27841CBA1DD36600004844C8;
					};
					27841CDE1DD36600004844C8 = {
						CreatedOnToolsVersion = 8.1;
						ProvisioningStyle = Automatic;
						TestTargetID = 27841CBA1DD36600004844C8;
					};
				};
			};
			buildConfigurationList = 27841CB61DD36600004844C8 /* Build configuration list for PBXProject "scanLift" */;
			compatibilityVersion = "Xcode 3.2";
			developmentRegion = English;
			hasScannedForEncodings = 0;
			knownRegions = (
				en,
				Base,
			);
			mainGroup = 27841CB21DD36600004844C8;
			productRefGroup = 27841CBC1DD36600004844C8 /* Products */;
			projectDirPath = "";
			projectRoot = "";
			targets = (
				27841CBA1DD36600004844C8 /* scanLift */,
				27841CD31DD36600004844C8 /* scanLiftTests */,
				27841CDE1DD36600004844C8 /* scanLiftUITests */,
			);
		};
/* End PBXProject section */

/* Begin PBXResourcesBuildPhase section */
		27841CB91DD36600004844C8 /* Resources */ = {
			isa = PBXResourcesBuildPhase;
			buildActionMask = 2147483647;
			files = (
				27841CCE1DD36600004844C8 /* LaunchScreen.storyboard in Resources */,
				27841CCB1DD36600004844C8 /* Assets.xcassets in Resources */,
				27841CC91DD36600004844C8 /* Main.storyboard in Resources */,
			);
			runOnlyForDeploymentPostprocessing = 0;
		};
		27841CD21DD36600004844C8 /* Resources */ = {
			isa = PBXResourcesBuildPhase;
			buildActionMask = 2147483647;
			files = (
			);
			runOnlyForDeploymentPostprocessing = 0;
		};
		27841CDD1DD36600004844C8 /* Resources */ = {
			isa = PBXResourcesBuildPhase;
			buildActionMask = 2147483647;
			files = (
			);
			runOnlyForDeploymentPostprocessing = 0;
		};
/* End PBXResourcesBuildPhase section */

/* Begin PBXSourcesBuildPhase section */
		27841CB71DD36600004844C8 /* Sources */ = {
			isa = PBXSourcesBuildPhase;
			buildActionMask = 2147483647;
			files = (
				27841CC61DD36600004844C8 /* ViewController.m in Sources */,
				27841CC31DD36600004844C8 /* AppDelegate.m in Sources */,
				27841CC01DD36600004844C8 /* main.m in Sources */,
			);
			runOnlyForDeploymentPostprocessing = 0;
		};
		27841CD01DD36600004844C8 /* Sources */ = {
			isa = PBXSourcesBuildPhase;
			buildActionMask = 2147483647;
			files = (
				27841CD91DD36600004844C8 /* scanLiftTests.m in Sources */,
			);
			runOnlyForDeploymentPostprocessing = 0;
		};
		27841CDB1DD36600004844C8 /* Sources */ = {
			isa = PBXSourcesBuildPhase;
			buildActionMask = 2147483647;
			files = (
				27841CE41DD36600004844C8 /* scanLiftUITests.m in Sources */,
			);
			runOnlyForDeploymentPostprocessing = 0;
		};
/* End PBXSourcesBuildPhase section */

/* Begin PBXTargetDependency section */
		27841CD61DD36600004844C8 /* PBXTargetDependency */ = {
			isa = PBXTargetDependency;
			target = 27841CBA1DD36600004844C8 /* scanLift */;
			targetProxy = 27841CD51DD36600004844C8 /* PBXContainerItemProxy */;
		};
		27841CE11DD36600004844C8 /* PBXTargetDependency */ = {
			isa = PBXTargetDependency;
			target = 27841CBA1DD36600004844C8 /* scanLift */;
			targetProxy = 27841CE01DD36600004844C8 /* PBXContainerItemProxy */;
		};
/* End PBXTargetDependency section */

/* Begin PBXVariantGroup section */
		27841CC71DD36600004844C8 /* Main.storyboard */ = {
			isa = PBXVariantGroup;
			children = (
				27841CC81DD36600004844C8 /* Base */,
			);
			name = Main.storyboard;
			sourceTree = "<group>";
		};
		27841CCC1DD36600004844C8 /* LaunchScreen.storyboard */ = {
			isa = PBXVariantGroup;
			children = (
				27841CCD1DD36600004844C8 /* Base */,
			);
			name = LaunchScreen.storyboard;
			sourceTree = "<group>";
		};
/* End PBXVariantGroup section */

/* Begin XCBuildConfiguration section */
		27841CE61DD36600004844C8 /* Debug */ = {
			isa = XCBuildConfiguration;
			buildSettings = {
				ALWAYS_SEARCH_USER_PATHS = NO;
				CLANG_ANALYZER_NONNULL = YES;
				CLANG_CXX_LANGUAGE_STANDARD = "gnu++0x";
				CLANG_CXX_LIBRARY = "libc++";
				CLANG_ENABLE_MODULES = YES;
				CLANG_ENABLE_OBJC_ARC = YES;
				CLANG_WARN_BOOL_CONVERSION = YES;
				CLANG_WARN_CONSTANT_CONVERSION = YES;
				CLANG_WARN_DIRECT_OBJC_ISA_USAGE = YES_ERROR;
				CLANG_WARN_DOCUMENTATION_COMMENTS = YES;
				CLANG_WARN_EMPTY_BODY = YES;
				CLANG_WARN_ENUM_CONVERSION = YES;
				CLANG_WARN_INFINITE_RECURSION = YES;
				CLANG_WARN_INT_CONVERSION = YES;
				CLANG_WARN_OBJC_ROOT_CLASS = YES_ERROR;
				CLANG_WARN_SUSPICIOUS_MOVES = YES;
				CLANG_WARN_UNREACHABLE_CODE = YES;
				CLANG_WARN__DUPLICATE_METHOD_MATCH = YES;
				"CODE_SIGN_IDENTITY[sdk=iphoneos*]" = "iPhone Developer";
				COPY_PHASE_STRIP = NO;
				DEBUG_INFORMATION_FORMAT = dwarf;
				ENABLE_STRICT_OBJC_MSGSEND = YES;
				ENABLE_TESTABILITY = YES;
				GCC_C_LANGUAGE_STANDARD = gnu99;
				GCC_DYNAMIC_NO_PIC = NO;
				GCC_NO_COMMON_BLOCKS = YES;
				GCC_OPTIMIZATION_LEVEL = 0;
				GCC_PREPROCESSOR_DEFINITIONS = (
					"DEBUG=1",
					"$(inherited)",
				);
				GCC_WARN_64_TO_32_BIT_CONVERSION = YES;
				GCC_WARN_ABOUT_RETURN_TYPE = YES_ERROR;
				GCC_WARN_UNDECLARED_SELECTOR = YES;
				GCC_WARN_UNINITIALIZED_AUTOS = YES_AGGRESSIVE;
				GCC_WARN_UNUSED_FUNCTION = YES;
				GCC_WARN_UNUSED_VARIABLE = YES;
				IPHONEOS_DEPLOYMENT_TARGET = 10.1;
				MTL_ENABLE_DEBUG_INFO = YES;
				ONLY_ACTIVE_ARCH = YES;
				SDKROOT = iphoneos;
				TARGETED_DEVICE_FAMILY = "1,2";
			};
			name = Debug;
		};
		27841CE71DD36600004844C8 /* Release */ = {
			isa = XCBuildConfiguration;
			buildSettings = {
				ALWAYS_SEARCH_USER_PATHS = NO;
				CLANG_ANALYZER_NONNULL = YES;
				CLANG_CXX_LANGUAGE_STANDARD = "gnu++0x";
				CLANG_CXX_LIBRARY = "libc++";
				CLANG_ENABLE_MODULES = YES;
				CLANG_ENABLE_OBJC_ARC = YES;
				CLANG_WARN_BOOL_CONVERSION = YES;
				CLANG_WARN_CONSTANT_CONVERSION = YES;
				CLANG_WARN_DIRECT_OBJC_ISA_USAGE = YES_ERROR;
				CLANG_WARN_DOCUMENTATION_COMMENTS = YES;
				CLANG_WARN_EMPTY_BODY = YES;
				CLANG_WARN_ENUM_CONVERSION = YES;
				CLANG_WARN_INFINITE_RECURSION = YES;
				CLANG_WARN_INT_CONVERSION = YES;
				CLANG_WARN_OBJC_ROOT_CLASS = YES_ERROR;
				CLANG_WARN_SUSPICIOUS_MOVES = YES;
				CLANG_WARN_UNREACHABLE_CODE = YES;
				CLANG_WARN__DUPLICATE_METHOD_MATCH = YES;
				"CODE_SIGN_IDENTITY[sdk=iphoneos*]" = "iPhone Developer";
				COPY_PHASE_STRIP = NO;
				DEBUG_INFORMATION_FORMAT = "dwarf-with-dsym";
				ENABLE_NS_ASSERTIONS = NO;
				ENABLE_STRICT_OBJC_MSGSEND = YES;
				GCC_C_LANGUAGE_STANDARD = gnu99;
				GCC_NO_COMMON_BLOCKS = YES;
				GCC_WARN_64_TO_32_BIT_CONVERSION = YES;
				GCC_WARN_ABOUT_RETURN_TYPE = YES_ERROR;
				GCC_WARN_UNDECLARED_SELECTOR = YES;
				GCC_WARN_UNINITIALIZED_AUTOS = YES_AGGRESSIVE;
				GCC_WARN_UNUSED_FUNCTION = YES;
				GCC_WARN_UNUSED_VARIABLE = YES;
				IPHONEOS_DEPLOYMENT_TARGET = 10.1;
				MTL_ENABLE_DEBUG_INFO = NO;
				SDKROOT = iphoneos;
				TARGETED_DEVICE_FAMILY = "1,2";
				VALIDATE_PRODUCT = YES;
			};
			name = Release;
		};
		27841CE91DD36600004844C8 /* Debug */ = {
			isa = XCBuildConfiguration;
			buildSettings = {
				ASSETCATALOG_COMPILER_APPICON_NAME = AppIcon;
				INFOPLIST_FILE = scanLift/Info.plist;
				LD_RUNPATH_SEARCH_PATHS = "$(inherited) @executable_path/Frameworks";
				PRODUCT_BUNDLE_IDENTIFIER = com.an.scanLift;
				PRODUCT_NAME = "$(TARGET_NAME)";
			};
			name = Debug;
		};
		27841CEA1DD36600004844C8 /* Release */ = {
			isa = XCBuildConfiguration;
			buildSettings = {
				ASSETCATALOG_COMPILER_APPICON_NAME = AppIcon;
				INFOPLIST_FILE = scanLift/Info.plist;
				LD_RUNPATH_SEARCH_PATHS = "$(inherited) @executable_path/Frameworks";
				PRODUCT_BUNDLE_IDENTIFIER = com.an.scanLift;
				PRODUCT_NAME = "$(TARGET_NAME)";
			};
			name = Release;
		};
		27841CEC1DD36600004844C8 /* Debug */ = {
			isa = XCBuildConfiguration;
			buildSettings = {
				BUNDLE_LOADER = "$(TEST_HOST)";
				INFOPLIST_FILE = scanLiftTests/Info.plist;
				LD_RUNPATH_SEARCH_PATHS = "$(inherited) @executable_path/Frameworks @loader_path/Frameworks";
				PRODUCT_BUNDLE_IDENTIFIER = com.an.scanLiftTests;
				PRODUCT_NAME = "$(TARGET_NAME)";
				TEST_HOST = "$(BUILT_PRODUCTS_DIR)/scanLift.app/scanLift";
			};
			name = Debug;
		};
		27841CED1DD36600004844C8 /* Release */ = {
			isa = XCBuildConfiguration;
			buildSettings = {
				BUNDLE_LOADER = "$(TEST_HOST)";
				INFOPLIST_FILE = scanLiftTests/Info.plist;
				LD_RUNPATH_SEARCH_PATHS = "$(inherited) @executable_path/Frameworks @loader_path/Frameworks";
				PRODUCT_BUNDLE_IDENTIFIER = com.an.scanLiftTests;
				PRODUCT_NAME = "$(TARGET_NAME)";
				TEST_HOST = "$(BUILT_PRODUCTS_DIR)/scanLift.app/scanLift";
			};
			name = Release;
		};
		27841CEF1DD36600004844C8 /* Debug */ = {
			isa = XCBuildConfiguration;
			buildSettings = {
				INFOPLIST_FILE = scanLiftUITests/Info.plist;
				LD_RUNPATH_SEARCH_PATHS = "$(inherited) @executable_path/Frameworks @loader_path/Frameworks";
				PRODUCT_BUNDLE_IDENTIFIER = com.an.scanLiftUITests;
				PRODUCT_NAME = "$(TARGET_NAME)";
				TEST_TARGET_NAME = scanLift;
			};
			name = Debug;
		};
		27841CF01DD36600004844C8 /* Release */ = {
			isa = XCBuildConfiguration;
			buildSettings = {
				INFOPLIST_FILE = scanLiftUITests/Info.plist;
				LD_RUNPATH_SEARCH_PATHS = "$(inherited) @executable_path/Frameworks @loader_path/Frameworks";
				PRODUCT_BUNDLE_IDENTIFIER = com.an.scanLiftUITests;
				PRODUCT_NAME = "$(TARGET_NAME)";
				TEST_TARGET_NAME = scanLift;
			};
			name = Release;
		};
/* End XCBuildConfiguration section */

/* Begin XCConfigurationList section */
		27841CB61DD36600004844C8 /* Build configuration list for PBXProject "scanLift" */ = {
			isa = XCConfigurationList;
			buildConfigurations = (
				27841CE61DD36600004844C8 /* Debug */,
				27841CE71DD36600004844C8 /* Release */,
			);
			defaultConfigurationIsVisible = 0;
			defaultConfigurationName = Release;
		};
		27841CE81DD36600004844C8 /* Build configuration list for PBXNativeTarget "scanLift" */ = {
			isa = XCConfigurationList;
			buildConfigurations = (
				27841CE91DD36600004844C8 /* Debug */,
				27841CEA1DD36600004844C8 /* Release */,
			);
			defaultConfigurationIsVisible = 0;
		};
		27841CEB1DD36600004844C8 /* Build configuration list for PBXNativeTarget "scanLiftTests" */ = {
			isa = XCConfigurationList;
			buildConfigurations = (
				27841CEC1DD36600004844C8 /* Debug */,
				27841CED1DD36600004844C8 /* Release */,
			);
			defaultConfigurationIsVisible = 0;
		};
		27841CEE1DD36600004844C8 /* Build configuration list for PBXNativeTarget "scanLiftUITests" */ = {
			isa = XCConfigurationList;
			buildConfigurations = (
				27841CEF1DD36600004844C8 /* Debug */,
				27841CF01DD36600004844C8 /* Release */,
			);
			defaultConfigurationIsVisible = 0;
		};
/* End XCConfigurationList section */
	};
	rootObject = 27841CB31DD36600004844C8 /* Project object */;
}
